// !$*UTF8*$!
{
	archiveVersion = 1;
	classes = {
	};
	objectVersion = 50;
	objects = {

/* Begin PBXBuildFile section */
		83914B2924E6D5DF00BE89B5 /* AppDelegate.swift in Sources */ = {isa = PBXBuildFile; fileRef = 83914B2824E6D5DF00BE89B5 /* AppDelegate.swift */; };
		83914B2B24E6D5DF00BE89B5 /* SceneDelegate.swift in Sources */ = {isa = PBXBuildFile; fileRef = 83914B2A24E6D5DF00BE89B5 /* SceneDelegate.swift */; };
		83914B2D24E6D5E000BE89B5 /* ContentView.swift in Sources */ = {isa = PBXBuildFile; fileRef = 83914B2C24E6D5E000BE89B5 /* ContentView.swift */; };
		83914B2F24E6D5E300BE89B5 /* Assets.xcassets in Resources */ = {isa = PBXBuildFile; fileRef = 83914B2E24E6D5E300BE89B5 /* Assets.xcassets */; };
		83914B3224E6D5E300BE89B5 /* Preview Assets.xcassets in Resources */ = {isa = PBXBuildFile; fileRef = 83914B3124E6D5E300BE89B5 /* Preview Assets.xcassets */; };
		83914B3524E6D5E300BE89B5 /* LaunchScreen.storyboard in Resources */ = {isa = PBXBuildFile; fileRef = 83914B3324E6D5E300BE89B5 /* LaunchScreen.storyboard */; };
		8397171424EF756E00FC0B62 /* ImagePicker.swift in Sources */ = {isa = PBXBuildFile; fileRef = 8397171324EF756E00FC0B62 /* ImagePicker.swift */; };
		8397171B24F2AC7900FC0B62 /* ImageSaver.swift in Sources */ = {isa = PBXBuildFile; fileRef = 8397171A24F2AC7900FC0B62 /* ImageSaver.swift */; };
/* End PBXBuildFile section */

/* Begin PBXFileReference section */
		83914B2524E6D5DF00BE89B5 /* UIKitIntegration.app */ = {isa = PBXFileReference; explicitFileType = wrapper.application; includeInIndex = 0; path = UIKitIntegration.app; sourceTree = BUILT_PRODUCTS_DIR; };
		83914B2824E6D5DF00BE89B5 /* AppDelegate.swift */ = {isa = PBXFileReference; lastKnownFileType = sourcecode.swift; path = AppDelegate.swift; sourceTree = "<group>"; };
		83914B2A24E6D5DF00BE89B5 /* SceneDelegate.swift */ = {isa = PBXFileReference; lastKnownFileType = sourcecode.swift; path = SceneDelegate.swift; sourceTree = "<group>"; };
		83914B2C24E6D5E000BE89B5 /* ContentView.swift */ = {isa = PBXFileReference; lastKnownFileType = sourcecode.swift; path = ContentView.swift; sourceTree = "<group>"; };
		83914B2E24E6D5E300BE89B5 /* Assets.xcassets */ = {isa = PBXFileReference; lastKnownFileType = folder.assetcatalog; path = Assets.xcassets; sourceTree = "<group>"; };
		83914B3124E6D5E300BE89B5 /* Preview Assets.xcassets */ = {isa = PBXFileReference; lastKnownFileType = folder.assetcatalog; path = "Preview Assets.xcassets"; sourceTree = "<group>"; };
		83914B3424E6D5E300BE89B5 /* Base */ = {isa = PBXFileReference; lastKnownFileType = file.storyboard; name = Base; path = Base.lproj/LaunchScreen.storyboard; sourceTree = "<group>"; };
		83914B3624E6D5E400BE89B5 /* Info.plist */ = {isa = PBXFileReference; lastKnownFileType = text.plist.xml; path = Info.plist; sourceTree = "<group>"; };
		8397171324EF756E00FC0B62 /* ImagePicker.swift */ = {isa = PBXFileReference; lastKnownFileType = sourcecode.swift; path = ImagePicker.swift; sourceTree = "<group>"; };
		8397171A24F2AC7900FC0B62 /* ImageSaver.swift */ = {isa = PBXFileReference; lastKnownFileType = sourcecode.swift; path = ImageSaver.swift; sourceTree = "<group>"; };
/* End PBXFileReference section */

/* Begin PBXFrameworksBuildPhase section */
		83914B2224E6D5DF00BE89B5 /* Frameworks */ = {
			isa = PBXFrameworksBuildPhase;
			buildActionMask = 2147483647;
			files = (
			);
			runOnlyForDeploymentPostprocessing = 0;
		};
/* End PBXFrameworksBuildPhase section */

/* Begin PBXGroup section */
		83914B1C24E6D5DF00BE89B5 = {
			isa = PBXGroup;
			children = (
				83914B2724E6D5DF00BE89B5 /* UIKitIntegration */,
				83914B2624E6D5DF00BE89B5 /* Products */,
			);
			sourceTree = "<group>";
		};
		83914B2624E6D5DF00BE89B5 /* Products */ = {
			isa = PBXGroup;
			children = (
				83914B2524E6D5DF00BE89B5 /* UIKitIntegration.app */,
			);
			name = Products;
			sourceTree = "<group>";
		};
		83914B2724E6D5DF00BE89B5 /* UIKitIntegration */ = {
			isa = PBXGroup;
			children = (
				83914B2824E6D5DF00BE89B5 /* AppDelegate.swift */,
				83914B2A24E6D5DF00BE89B5 /* SceneDelegate.swift */,
				83914B2C24E6D5E000BE89B5 /* ContentView.swift */,
				8397171324EF756E00FC0B62 /* ImagePicker.swift */,
				83914B2E24E6D5E300BE89B5 /* Assets.xcassets */,
				83914B3324E6D5E300BE89B5 /* LaunchScreen.storyboard */,
				83914B3624E6D5E400BE89B5 /* Info.plist */,
				8397171A24F2AC7900FC0B62 /* ImageSaver.swift */,
				83914B3024E6D5E300BE89B5 /* Preview Content */,
			);
			path = UIKitIntegration;
			sourceTree = "<group>";
		};
		83914B3024E6D5E300BE89B5 /* Preview Content */ = {
			isa = PBXGroup;
			children = (
				83914B3124E6D5E300BE89B5 /* Preview Assets.xcassets */,
			);
			path = "Preview Content";
			sourceTree = "<group>";
		};
/* End PBXGroup section */

/* Begin PBXNativeTarget section */
		83914B2424E6D5DF00BE89B5 /* UIKitIntegration */ = {
			isa = PBXNativeTarget;
			buildConfigurationList = 83914B3924E6D5E400BE89B5 /* Build configuration list for PBXNativeTarget "UIKitIntegration" */;
			buildPhases = (
				83914B2124E6D5DF00BE89B5 /* Sources */,
				83914B2224E6D5DF00BE89B5 /* Frameworks */,
				83914B2324E6D5DF00BE89B5 /* Resources */,
			);
			buildRules = (
			);
			dependencies = (
			);
			name = UIKitIntegration;
			productName = UIKitIntegration;
			productReference = 83914B2524E6D5DF00BE89B5 /* UIKitIntegration.app */;
			productType = "com.apple.product-type.application";
		};
/* End PBXNativeTarget section */

/* Begin PBXProject section */
		83914B1D24E6D5DF00BE89B5 /* Project object */ = {
			isa = PBXProject;
			attributes = {
				LastSwiftUpdateCheck = 1160;
				LastUpgradeCheck = 1160;
				ORGANIZATIONNAME = "Vegesna, Vijay V";
				TargetAttributes = {
					83914B2424E6D5DF00BE89B5 = {
						CreatedOnToolsVersion = 11.6;
					};
				};
			};
			buildConfigurationList = 83914B2024E6D5DF00BE89B5 /* Build configuration list for PBXProject "UIKitIntegration" */;
			compatibilityVersion = "Xcode 9.3";
			developmentRegion = en;
			hasScannedForEncodings = 0;
			knownRegions = (
				en,
				Base,
			);
			mainGroup = 83914B1C24E6D5DF00BE89B5;
			productRefGroup = 83914B2624E6D5DF00BE89B5 /* Products */;
			projectDirPath = "";
			projectRoot = "";
			targets = (
				83914B2424E6D5DF00BE89B5 /* UIKitIntegration */,
			);
		};
/* End PBXProject section */

/* Begin PBXResourcesBuildPhase section */
		83914B2324E6D5DF00BE89B5 /* Resources */ = {
			isa = PBXResourcesBuildPhase;
			buildActionMask = 2147483647;
			files = (
				83914B3524E6D5E300BE89B5 /* LaunchScreen.storyboard in Resources */,
				83914B3224E6D5E300BE89B5 /* Preview Assets.xcassets in Resources */,
				83914B2F24E6D5E300BE89B5 /* Assets.xcassets in Resources */,
			);
			runOnlyForDeploymentPostprocessing = 0;
		};
/* End PBXResourcesBuildPhase section */

/* Begin PBXSourcesBuildPhase section */
		83914B2124E6D5DF00BE89B5 /* Sources */ = {
			isa = PBXSourcesBuildPhase;
			buildActionMask = 2147483647;
			files = (
				83914B2924E6D5DF00BE89B5 /* AppDelegate.swift in Sources */,
				8397171424EF756E00FC0B62 /* ImagePicker.swift in Sources */,
				8397171B24F2AC7900FC0B62 /* ImageSaver.swift in Sources */,
				83914B2B24E6D5DF00BE89B5 /* SceneDelegate.swift in Sources */,
				83914B2D24E6D5E000BE89B5 /* ContentView.swift in Sources */,
			);
			runOnlyForDeploymentPostprocessing = 0;
		};
/* End PBXSourcesBuildPhase section */

/* Begin PBXVariantGroup section */
		83914B3324E6D5E300BE89B5 /* LaunchScreen.storyboard */ = {
			isa = PBXVariantGroup;
			children = (
				83914B3424E6D5E300BE89B5 /* Base */,
			);
			name = LaunchScreen.storyboard;
			sourceTree = "<group>";
		};
/* End PBXVariantGroup section */

/* Begin XCBuildConfiguration section */
		83914B3724E6D5E400BE89B5 /* Debug */ = {
			isa = XCBuildConfiguration;
			buildSettings = {
				ALWAYS_SEARCH_USER_PATHS = NO;
				CLANG_ANALYZER_NONNULL = YES;
				CLANG_ANALYZER_NUMBER_OBJECT_CONVERSION = YES_AGGRESSIVE;
				CLANG_CXX_LANGUAGE_STANDARD = "gnu++14";
				CLANG_CXX_LIBRARY = "libc++";
				CLANG_ENABLE_MODULES = YES;
				CLANG_ENABLE_OBJC_ARC = YES;
				CLANG_ENABLE_OBJC_WEAK = YES;
				CLANG_WARN_BLOCK_CAPTURE_AUTORELEASING = YES;
				CLANG_WARN_BOOL_CONVERSION = YES;
				CLANG_WARN_COMMA = YES;
				CLANG_WARN_CONSTANT_CONVERSION = YES;
				CLANG_WARN_DEPRECATED_OBJC_IMPLEMENTATIONS = YES;
				CLANG_WARN_DIRECT_OBJC_ISA_USAGE = YES_ERROR;
				CLANG_WARN_DOCUMENTATION_COMMENTS = YES;
				CLANG_WARN_EMPTY_BODY = YES;
				CLANG_WARN_ENUM_CONVERSION = YES;
				CLANG_WARN_INFINITE_RECURSION = YES;
				CLANG_WARN_INT_CONVERSION = YES;
				CLANG_WARN_NON_LITERAL_NULL_CONVERSION = YES;
				CLANG_WARN_OBJC_IMPLICIT_RETAIN_SELF = YES;
				CLANG_WARN_OBJC_LITERAL_CONVERSION = YES;
				CLANG_WARN_OBJC_ROOT_CLASS = YES_ERROR;
				CLANG_WARN_RANGE_LOOP_ANALYSIS = YES;
				CLANG_WARN_STRICT_PROTOTYPES = YES;
				CLANG_WARN_SUSPICIOUS_MOVE = YES;
				CLANG_WARN_UNGUARDED_AVAILABILITY = YES_AGGRESSIVE;
				CLANG_WARN_UNREACHABLE_CODE = YES;
				CLANG_WARN__DUPLICATE_METHOD_MATCH = YES;
				COPY_PHASE_STRIP = NO;
				DEBUG_INFORMATION_FORMAT = dwarf;
				ENABLE_STRICT_OBJC_MSGSEND = YES;
				ENABLE_TESTABILITY = YES;
				GCC_C_LANGUAGE_STANDARD = gnu11;
				GCC_DYNAMIC_NO_PIC = NO;
				GCC_NO_COMMON_BLOCKS = YES;
				GCC_OPTIMIZATION_LEVEL = 0;
				GCC_PREPROCESSOR_DEFINITIONS = (
					"DEBUG=1",
					"$(inherited)",
				);
				GCC_WARN_64_TO_32_BIT_CONVERSION = YES;
				GCC_WARN_ABOUT_RETURN_TYPE = YES_ERROR;
				GCC_WARN_UNDECLARED_SELECTOR = YES;
				GCC_WARN_UNINITIALIZED_AUTOS = YES_AGGRESSIVE;
				GCC_WARN_UNUSED_FUNCTION = YES;
				GCC_WARN_UNUSED_VARIABLE = YES;
				IPHONEOS_DEPLOYMENT_TARGET = 13.6;
				MTL_ENABLE_DEBUG_INFO = INCLUDE_SOURCE;
				MTL_FAST_MATH = YES;
				ONLY_ACTIVE_ARCH = YES;
				SDKROOT = iphoneos;
				SWIFT_ACTIVE_COMPILATION_CONDITIONS = DEBUG;
				SWIFT_OPTIMIZATION_LEVEL = "-Onone";
			};
			name = Debug;
		};
		83914B3824E6D5E400BE89B5 /* Release */ = {
			isa = XCBuildConfiguration;
			buildSettings = {
				ALWAYS_SEARCH_USER_PATHS = NO;
				CLANG_ANALYZER_NONNULL = YES;
				CLANG_ANALYZER_NUMBER_OBJECT_CONVERSION = YES_AGGRESSIVE;
				CLANG_CXX_LANGUAGE_STANDARD = "gnu++14";
				CLANG_CXX_LIBRARY = "libc++";
				CLANG_ENABLE_MODULES = YES;
				CLANG_ENABLE_OBJC_ARC = YES;
				CLANG_ENABLE_OBJC_WEAK = YES;
				CLANG_WARN_BLOCK_CAPTURE_AUTORELEASING = YES;
				CLANG_WARN_BOOL_CONVERSION = YES;
				CLANG_WARN_COMMA = YES;
				CLANG_WARN_CONSTANT_CONVERSION = YES;
				CLANG_WARN_DEPRECATED_OBJC_IMPLEMENTATIONS = YES;
				CLANG_WARN_DIRECT_OBJC_ISA_USAGE = YES_ERROR;
				CLANG_WARN_DOCUMENTATION_COMMENTS = YES;
				CLANG_WARN_EMPTY_BODY = YES;
				CLANG_WARN_ENUM_CONVERSION = YES;
				CLANG_WARN_INFINITE_RECURSION = YES;
				CLANG_WARN_INT_CONVERSION = YES;
				CLANG_WARN_NON_LITERAL_NULL_CONVERSION = YES;
				CLANG_WARN_OBJC_IMPLICIT_RETAIN_SELF = YES;
				CLANG_WARN_OBJC_LITERAL_CONVERSION = YES;
				CLANG_WARN_OBJC_ROOT_CLASS = YES_ERROR;
				CLANG_WARN_RANGE_LOOP_ANALYSIS = YES;
				CLANG_WARN_STRICT_PROTOTYPES = YES;
				CLANG_WARN_SUSPICIOUS_MOVE = YES;
				CLANG_WARN_UNGUARDED_AVAILABILITY = YES_AGGRESSIVE;
				CLANG_WARN_UNREACHABLE_CODE = YES;
				CLANG_WARN__DUPLICATE_METHOD_MATCH = YES;
				COPY_PHASE_STRIP = NO;
				DEBUG_INFORMATION_FORMAT = "dwarf-with-dsym";
				ENABLE_NS_ASSERTIONS = NO;
				ENABLE_STRICT_OBJC_MSGSEND = YES;
				GCC_C_LANGUAGE_STANDARD = gnu11;
				GCC_NO_COMMON_BLOCKS = YES;
				GCC_WARN_64_TO_32_BIT_CONVERSION = YES;
				GCC_WARN_ABOUT_RETURN_TYPE = YES_ERROR;
				GCC_WARN_UNDECLARED_SELECTOR = YES;
				GCC_WARN_UNINITIALIZED_AUTOS = YES_AGGRESSIVE;
				GCC_WARN_UNUSED_FUNCTION = YES;
				GCC_WARN_UNUSED_VARIABLE = YES;
				IPHONEOS_DEPLOYMENT_TARGET = 13.6;
				MTL_ENABLE_DEBUG_INFO = NO;
				MTL_FAST_MATH = YES;
				SDKROOT = iphoneos;
				SWIFT_COMPILATION_MODE = wholemodule;
				SWIFT_OPTIMIZATION_LEVEL = "-O";
				VALIDATE_PRODUCT = YES;
			};
			name = Release;
		};
		83914B3A24E6D5E400BE89B5 /* Debug */ = {
			isa = XCBuildConfiguration;
			buildSettings = {
				ASSETCATALOG_COMPILER_APPICON_NAME = AppIcon;
				CODE_SIGN_STYLE = Automatic;
				DEVELOPMENT_ASSET_PATHS = "\"UIKitIntegration/Preview Content\"";
				DEVELOPMENT_TEAM = R8A5WRA6YZ;
				ENABLE_PREVIEWS = YES;
				INFOPLIST_FILE = UIKitIntegration/Info.plist;
				LD_RUNPATH_SEARCH_PATHS = (
					"$(inherited)",
					"@executable_path/Frameworks",
				);
				PRODUCT_BUNDLE_IDENTIFIER = me.vegesna.vijay.UIKitIntegration;
				PRODUCT_NAME = "$(TARGET_NAME)";
				SWIFT_VERSION = 5.0;
				TARGETED_DEVICE_FAMILY = "1,2";
			};
			name = Debug;
		};
		83914B3B24E6D5E400BE89B5 /* Release */ = {
			isa = XCBuildConfiguration;
			buildSettings = {
				ASSETCATALOG_COMPILER_APPICON_NAME = AppIcon;
				CODE_SIGN_STYLE = Automatic;
				DEVELOPMENT_ASSET_PATHS = "\"UIKitIntegration/Preview Content\"";
				DEVELOPMENT_TEAM = R8A5WRA6YZ;
				ENABLE_PREVIEWS = YES;
				INFOPLIST_FILE = UIKitIntegration/Info.plist;
				LD_RUNPATH_SEARCH_PATHS = (
					"$(inherited)",
					"@executable_path/Frameworks",
				);
				PRODUCT_BUNDLE_IDENTIFIER = me.vegesna.vijay.UIKitIntegration;
				PRODUCT_NAME = "$(TARGET_NAME)";
				SWIFT_VERSION = 5.0;
				TARGETED_DEVICE_FAMILY = "1,2";
			};
			name = Release;
		};
/* End XCBuildConfiguration section */

/* Begin XCConfigurationList section */
		83914B2024E6D5DF00BE89B5 /* Build configuration list for PBXProject "UIKitIntegration" */ = {
			isa = XCConfigurationList;
			buildConfigurations = (
				83914B3724E6D5E400BE89B5 /* Debug */,
				83914B3824E6D5E400BE89B5 /* Release */,
			);
			defaultConfigurationIsVisible = 0;
			defaultConfigurationName = Release;
		};
		83914B3924E6D5E400BE89B5 /* Build configuration list for PBXNativeTarget "UIKitIntegration" */ = {
			isa = XCConfigurationList;
			buildConfigurations = (
				83914B3A24E6D5E400BE89B5 /* Debug */,
				83914B3B24E6D5E400BE89B5 /* Release */,
			);
			defaultConfigurationIsVisible = 0;
			defaultConfigurationName = Release;
		};
/* End XCConfigurationList section */
	};
	rootObject = 83914B1D24E6D5DF00BE89B5 /* Project object */;
}
